// !$*UTF8*$!
{
	archiveVersion = 1;
	classes = {
	};
	objectVersion = 46;
	objects = {

/* Begin PBXBuildFile section */
		683AD5961C40EB6400656A52 /* AppDelegate.swift in Sources */ = {isa = PBXBuildFile; fileRef = 683AD5951C40EB6400656A52 /* AppDelegate.swift */; };
		683AD5981C40EB6400656A52 /* ViewController.swift in Sources */ = {isa = PBXBuildFile; fileRef = 683AD5971C40EB6400656A52 /* ViewController.swift */; };
		683AD59B1C40EB6400656A52 /* Main.storyboard in Resources */ = {isa = PBXBuildFile; fileRef = 683AD5991C40EB6400656A52 /* Main.storyboard */; };
		683AD59D1C40EB6400656A52 /* Assets.xcassets in Resources */ = {isa = PBXBuildFile; fileRef = 683AD59C1C40EB6400656A52 /* Assets.xcassets */; };
		683AD5A01C40EB6400656A52 /* LaunchScreen.storyboard in Resources */ = {isa = PBXBuildFile; fileRef = 683AD59E1C40EB6400656A52 /* LaunchScreen.storyboard */; };
		683AD5AB1C40EB6500656A52 /* ReturnKeyDemoTests.swift in Sources */ = {isa = PBXBuildFile; fileRef = 683AD5AA1C40EB6500656A52 /* ReturnKeyDemoTests.swift */; };
/* End PBXBuildFile section */

/* Begin PBXContainerItemProxy section */
		683AD5A71C40EB6500656A52 /* PBXContainerItemProxy */ = {
			isa = PBXContainerItemProxy;
			containerPortal = 683AD58A1C40EB6400656A52 /* Project object */;
			proxyType = 1;
			remoteGlobalIDString = 683AD5911C40EB6400656A52;
			remoteInfo = ReturnKeyDemo;
		};
/* End PBXContainerItemProxy section */

/* Begin PBXFileReference section */
		683AD5921C40EB6400656A52 /* ReturnKeyDemo.app */ = {isa = PBXFileReference; explicitFileType = wrapper.application; includeInIndex = 0; path = ReturnKeyDemo.app; sourceTree = BUILT_PRODUCTS_DIR; };
		683AD5951C40EB6400656A52 /* AppDelegate.swift */ = {isa = PBXFileReference; lastKnownFileType = sourcecode.swift; path = AppDelegate.swift; sourceTree = "<group>"; };
		683AD5971C40EB6400656A52 /* ViewController.swift */ = {isa = PBXFileReference; lastKnownFileType = sourcecode.swift; path = ViewController.swift; sourceTree = "<group>"; };
		683AD59A1C40EB6400656A52 /* Base */ = {isa = PBXFileReference; lastKnownFileType = file.storyboard; name = Base; path = Base.lproj/Main.storyboard; sourceTree = "<group>"; };
		683AD59C1C40EB6400656A52 /* Assets.xcassets */ = {isa = PBXFileReference; lastKnownFileType = folder.assetcatalog; path = Assets.xcassets; sourceTree = "<group>"; };
		683AD59F1C40EB6400656A52 /* Base */ = {isa = PBXFileReference; lastKnownFileType = file.storyboard; name = Base; path = Base.lproj/LaunchScreen.storyboard; sourceTree = "<group>"; };
		683AD5A11C40EB6400656A52 /* Info.plist */ = {isa = PBXFileReference; lastKnownFileType = text.plist.xml; path = Info.plist; sourceTree = "<group>"; };
		683AD5A61C40EB6500656A52 /* ReturnKeyDemoTests.xctest */ = {isa = PBXFileReference; explicitFileType = wrapper.cfbundle; includeInIndex = 0; path = ReturnKeyDemoTests.xctest; sourceTree = BUILT_PRODUCTS_DIR; };
		683AD5AA1C40EB6500656A52 /* ReturnKeyDemoTests.swift */ = {isa = PBXFileReference; lastKnownFileType = sourcecode.swift; path = ReturnKeyDemoTests.swift; sourceTree = "<group>"; };
		683AD5AC1C40EB6500656A52 /* Info.plist */ = {isa = PBXFileReference; lastKnownFileType = text.plist.xml; path = Info.plist; sourceTree = "<group>"; };
/* End PBXFileReference section */

/* Begin PBXFrameworksBuildPhase section */
		683AD58F1C40EB6400656A52 /* Frameworks */ = {
			isa = PBXFrameworksBuildPhase;
			buildActionMask = 2147483647;
			files = (
			);
			runOnlyForDeploymentPostprocessing = 0;
		};
		683AD5A31C40EB6500656A52 /* Frameworks */ = {
			isa = PBXFrameworksBuildPhase;
			buildActionMask = 2147483647;
			files = (
			);
			runOnlyForDeploymentPostprocessing = 0;
		};
/* End PBXFrameworksBuildPhase section */

/* Begin PBXGroup section */
		683AD5891C40EB6400656A52 = {
			isa = PBXGroup;
			children = (
				683AD5941C40EB6400656A52 /* ReturnKeyDemo */,
				683AD5A91C40EB6500656A52 /* ReturnKeyDemoTests */,
				683AD5931C40EB6400656A52 /* Products */,
			);
			sourceTree = "<group>";
		};
		683AD5931C40EB6400656A52 /* Products */ = {
			isa = PBXGroup;
			children = (
				683AD5921C40EB6400656A52 /* ReturnKeyDemo.app */,
				683AD5A61C40EB6500656A52 /* ReturnKeyDemoTests.xctest */,
			);
			name = Products;
			sourceTree = "<group>";
		};
		683AD5941C40EB6400656A52 /* ReturnKeyDemo */ = {
			isa = PBXGroup;
			children = (
				683AD5951C40EB6400656A52 /* AppDelegate.swift */,
				683AD5971C40EB6400656A52 /* ViewController.swift */,
				683AD5991C40EB6400656A52 /* Main.storyboard */,
				683AD59C1C40EB6400656A52 /* Assets.xcassets */,
				683AD59E1C40EB6400656A52 /* LaunchScreen.storyboard */,
				683AD5A11C40EB6400656A52 /* Info.plist */,
			);
			path = ReturnKeyDemo;
			sourceTree = "<group>";
		};
		683AD5A91C40EB6500656A52 /* ReturnKeyDemoTests */ = {
			isa = PBXGroup;
			children = (
				683AD5AA1C40EB6500656A52 /* ReturnKeyDemoTests.swift */,
				683AD5AC1C40EB6500656A52 /* Info.plist */,
			);
			path = ReturnKeyDemoTests;
			sourceTree = "<group>";
		};
/* End PBXGroup section */

/* Begin PBXNativeTarget section */
		683AD5911C40EB6400656A52 /* ReturnKeyDemo */ = {
			isa = PBXNativeTarget;
			buildConfigurationList = 683AD5AF1C40EB6500656A52 /* Build configuration list for PBXNativeTarget "ReturnKeyDemo" */;
			buildPhases = (
				683AD58E1C40EB6400656A52 /* Sources */,
				683AD58F1C40EB6400656A52 /* Frameworks */,
				683AD5901C40EB6400656A52 /* Resources */,
			);
			buildRules = (
			);
			dependencies = (
			);
			name = ReturnKeyDemo;
			productName = ReturnKeyDemo;
			productReference = 683AD5921C40EB6400656A52 /* ReturnKeyDemo.app */;
			productType = "com.apple.product-type.application";
		};
		683AD5A51C40EB6500656A52 /* ReturnKeyDemoTests */ = {
			isa = PBXNativeTarget;
			buildConfigurationList = 683AD5B21C40EB6500656A52 /* Build configuration list for PBXNativeTarget "ReturnKeyDemoTests" */;
			buildPhases = (
				683AD5A21C40EB6500656A52 /* Sources */,
				683AD5A31C40EB6500656A52 /* Frameworks */,
				683AD5A41C40EB6500656A52 /* Resources */,
			);
			buildRules = (
			);
			dependencies = (
				683AD5A81C40EB6500656A52 /* PBXTargetDependency */,
			);
			name = ReturnKeyDemoTests;
			productName = ReturnKeyDemoTests;
			productReference = 683AD5A61C40EB6500656A52 /* ReturnKeyDemoTests.xctest */;
			productType = "com.apple.product-type.bundle.unit-test";
		};
/* End PBXNativeTarget section */

/* Begin PBXProject section */
		683AD58A1C40EB6400656A52 /* Project object */ = {
			isa = PBXProject;
			attributes = {
				LastSwiftUpdateCheck = 0720;
				LastUpgradeCheck = 0720;
				ORGANIZATIONNAME = "Nimble Chapps";
				TargetAttributes = {
					683AD5911C40EB6400656A52 = {
						CreatedOnToolsVersion = 7.2;
					};
					683AD5A51C40EB6500656A52 = {
						CreatedOnToolsVersion = 7.2;
						TestTargetID = 683AD5911C40EB6400656A52;
					};
				};
			};
			buildConfigurationList = 683AD58D1C40EB6400656A52 /* Build configuration list for PBXProject "ReturnKeyDemo" */;
			compatibilityVersion = "Xcode 3.2";
			developmentRegion = English;
			hasScannedForEncodings = 0;
			knownRegions = (
				en,
				Base,
			);
			mainGroup = 683AD5891C40EB6400656A52;
			productRefGroup = 683AD5931C40EB6400656A52 /* Products */;
			projectDirPath = "";
			projectRoot = "";
			targets = (
				683AD5911C40EB6400656A52 /* ReturnKeyDemo */,
				683AD5A51C40EB6500656A52 /* ReturnKeyDemoTests */,
			);
		};
/* End PBXProject section */

/* Begin PBXResourcesBuildPhase section */
		683AD5901C40EB6400656A52 /* Resources */ = {
			isa = PBXResourcesBuildPhase;
			buildActionMask = 2147483647;
			files = (
				683AD5A01C40EB6400656A52 /* LaunchScreen.storyboard in Resources */,
				683AD59D1C40EB6400656A52 /* Assets.xcassets in Resources */,
				683AD59B1C40EB6400656A52 /* Main.storyboard in Resources */,
			);
			runOnlyForDeploymentPostprocessing = 0;
		};
		683AD5A41C40EB6500656A52 /* Resources */ = {
			isa = PBXResourcesBuildPhase;
			buildActionMask = 2147483647;
			files = (
			);
			runOnlyForDeploymentPostprocessing = 0;
		};
/* End PBXResourcesBuildPhase section */

/* Begin PBXSourcesBuildPhase section */
		683AD58E1C40EB6400656A52 /* Sources */ = {
			isa = PBXSourcesBuildPhase;
			buildActionMask = 2147483647;
			files = (
				683AD5981C40EB6400656A52 /* ViewController.swift in Sources */,
				683AD5961C40EB6400656A52 /* AppDelegate.swift in Sources */,
			);
			runOnlyForDeploymentPostprocessing = 0;
		};
		683AD5A21C40EB6500656A52 /* Sources */ = {
			isa = PBXSourcesBuildPhase;
			buildActionMask = 2147483647;
			files = (
				683AD5AB1C40EB6500656A52 /* ReturnKeyDemoTests.swift in Sources */,
			);
			runOnlyForDeploymentPostprocessing = 0;
		};
/* End PBXSourcesBuildPhase section */

/* Begin PBXTargetDependency section */
		683AD5A81C40EB6500656A52 /* PBXTargetDependency */ = {
			isa = PBXTargetDependency;
			target = 683AD5911C40EB6400656A52 /* ReturnKeyDemo */;
			targetProxy = 683AD5A71C40EB6500656A52 /* PBXContainerItemProxy */;
		};
/* End PBXTargetDependency section */

/* Begin PBXVariantGroup section */
		683AD5991C40EB6400656A52 /* Main.storyboard */ = {
			isa = PBXVariantGroup;
			children = (
				683AD59A1C40EB6400656A52 /* Base */,
			);
			name = Main.storyboard;
			sourceTree = "<group>";
		};
		683AD59E1C40EB6400656A52 /* LaunchScreen.storyboard */ = {
			isa = PBXVariantGroup;
			children = (
				683AD59F1C40EB6400656A52 /* Base */,
			);
			name = LaunchScreen.storyboard;
			sourceTree = "<group>";
		};
/* End PBXVariantGroup section */

/* Begin XCBuildConfiguration section */
		683AD5AD1C40EB6500656A52 /* Debug */ = {
			isa = XCBuildConfiguration;
			buildSettings = {
				ALWAYS_SEARCH_USER_PATHS = NO;
				CLANG_CXX_LANGUAGE_STANDARD = "gnu++0x";
				CLANG_CXX_LIBRARY = "libc++";
				CLANG_ENABLE_MODULES = YES;
				CLANG_ENABLE_OBJC_ARC = YES;
				CLANG_WARN_BOOL_CONVERSION = YES;
				CLANG_WARN_CONSTANT_CONVERSION = YES;
				CLANG_WARN_DIRECT_OBJC_ISA_USAGE = YES_ERROR;
				CLANG_WARN_EMPTY_BODY = YES;
				CLANG_WARN_ENUM_CONVERSION = YES;
				CLANG_WARN_INT_CONVERSION = YES;
				CLANG_WARN_OBJC_ROOT_CLASS = YES_ERROR;
				CLANG_WARN_UNREACHABLE_CODE = YES;
				CLANG_WARN__DUPLICATE_METHOD_MATCH = YES;
				"CODE_SIGN_IDENTITY[sdk=iphoneos*]" = "iPhone Developer";
				COPY_PHASE_STRIP = NO;
				DEBUG_INFORMATION_FORMAT = dwarf;
				ENABLE_STRICT_OBJC_MSGSEND = YES;
				ENABLE_TESTABILITY = YES;
				GCC_C_LANGUAGE_STANDARD = gnu99;
				GCC_DYNAMIC_NO_PIC = NO;
				GCC_NO_COMMON_BLOCKS = YES;
				GCC_OPTIMIZATION_LEVEL = 0;
				GCC_PREPROCESSOR_DEFINITIONS = (
					"DEBUG=1",
					"$(inherited)",
				);
				GCC_WARN_64_TO_32_BIT_CONVERSION = YES;
				GCC_WARN_ABOUT_RETURN_TYPE = YES_ERROR;
				GCC_WARN_UNDECLARED_SELECTOR = YES;
				GCC_WARN_UNINITIALIZED_AUTOS = YES_AGGRESSIVE;
				GCC_WARN_UNUSED_FUNCTION = YES;
				GCC_WARN_UNUSED_VARIABLE = YES;
				IPHONEOS_DEPLOYMENT_TARGET = 9.2;
				MTL_ENABLE_DEBUG_INFO = YES;
				ONLY_ACTIVE_ARCH = YES;
				SDKROOT = iphoneos;
				SWIFT_OPTIMIZATION_LEVEL = "-Onone";
			};
			name = Debug;
		};
		683AD5AE1C40EB6500656A52 /* Release */ = {
			isa = XCBuildConfiguration;
			buildSettings = {
				ALWAYS_SEARCH_USER_PATHS = NO;
				CLANG_CXX_LANGUAGE_STANDARD = "gnu++0x";
				CLANG_CXX_LIBRARY = "libc++";
				CLANG_ENABLE_MODULES = YES;
				CLANG_ENABLE_OBJC_ARC = YES;
				CLANG_WARN_BOOL_CONVERSION = YES;
				CLANG_WARN_CONSTANT_CONVERSION = YES;
				CLANG_WARN_DIRECT_OBJC_ISA_USAGE = YES_ERROR;
				CLANG_WARN_EMPTY_BODY = YES;
				CLANG_WARN_ENUM_CONVERSION = YES;
				CLANG_WARN_INT_CONVERSION = YES;
				CLANG_WARN_OBJC_ROOT_CLASS = YES_ERROR;
				CLANG_WARN_UNREACHABLE_CODE = YES;
				CLANG_WARN__DUPLICATE_METHOD_MATCH = YES;
				"CODE_SIGN_IDENTITY[sdk=iphoneos*]" = "iPhone Developer";
				COPY_PHASE_STRIP = NO;
				DEBUG_INFORMATION_FORMAT = "dwarf-with-dsym";
				ENABLE_NS_ASSERTIONS = NO;
				ENABLE_STRICT_OBJC_MSGSEND = YES;
				GCC_C_LANGUAGE_STANDARD = gnu99;
				GCC_NO_COMMON_BLOCKS = YES;
				GCC_WARN_64_TO_32_BIT_CONVERSION = YES;
				GCC_WARN_ABOUT_RETURN_TYPE = YES_ERROR;
				GCC_WARN_UNDECLARED_SELECTOR = YES;
				GCC_WARN_UNINITIALIZED_AUTOS = YES_AGGRESSIVE;
				GCC_WARN_UNUSED_FUNCTION = YES;
				GCC_WARN_UNUSED_VARIABLE = YES;
				IPHONEOS_DEPLOYMENT_TARGET = 9.2;
				MTL_ENABLE_DEBUG_INFO = NO;
				SDKROOT = iphoneos;
				VALIDATE_PRODUCT = YES;
			};
			name = Release;
		};
		683AD5B01C40EB6500656A52 /* Debug */ = {
			isa = XCBuildConfiguration;
			buildSettings = {
				ASSETCATALOG_COMPILER_APPICON_NAME = AppIcon;
				INFOPLIST_FILE = ReturnKeyDemo/Info.plist;
				LD_RUNPATH_SEARCH_PATHS = "$(inherited) @executable_path/Frameworks";
				PRODUCT_BUNDLE_IDENTIFIER = com.nimblechapps.ReturnKeyDemo;
				PRODUCT_NAME = "$(TARGET_NAME)";
			};
			name = Debug;
		};
		683AD5B11C40EB6500656A52 /* Release */ = {
			isa = XCBuildConfiguration;
			buildSettings = {
				ASSETCATALOG_COMPILER_APPICON_NAME = AppIcon;
				INFOPLIST_FILE = ReturnKeyDemo/Info.plist;
				LD_RUNPATH_SEARCH_PATHS = "$(inherited) @executable_path/Frameworks";
				PRODUCT_BUNDLE_IDENTIFIER = com.nimblechapps.ReturnKeyDemo;
				PRODUCT_NAME = "$(TARGET_NAME)";
			};
			name = Release;
		};
		683AD5B31C40EB6500656A52 /* Debug */ = {
			isa = XCBuildConfiguration;
			buildSettings = {
				BUNDLE_LOADER = "$(TEST_HOST)";
				INFOPLIST_FILE = ReturnKeyDemoTests/Info.plist;
				LD_RUNPATH_SEARCH_PATHS = "$(inherited) @executable_path/Frameworks @loader_path/Frameworks";
				PRODUCT_BUNDLE_IDENTIFIER = com.nimblechapps.ReturnKeyDemoTests;
				PRODUCT_NAME = "$(TARGET_NAME)";
				TEST_HOST = "$(BUILT_PRODUCTS_DIR)/ReturnKeyDemo.app/ReturnKeyDemo";
			};
			name = Debug;
		};
		683AD5B41C40EB6500656A52 /* Release */ = {
			isa = XCBuildConfiguration;
			buildSettings = {
				BUNDLE_LOADER = "$(TEST_HOST)";
				INFOPLIST_FILE = ReturnKeyDemoTests/Info.plist;
				LD_RUNPATH_SEARCH_PATHS = "$(inherited) @executable_path/Frameworks @loader_path/Frameworks";
				PRODUCT_BUNDLE_IDENTIFIER = com.nimblechapps.ReturnKeyDemoTests;
				PRODUCT_NAME = "$(TARGET_NAME)";
				TEST_HOST = "$(BUILT_PRODUCTS_DIR)/ReturnKeyDemo.app/ReturnKeyDemo";
			};
			name = Release;
		};
/* End XCBuildConfiguration section */

/* Begin XCConfigurationList section */
		683AD58D1C40EB6400656A52 /* Build configuration list for PBXProject "ReturnKeyDemo" */ = {
			isa = XCConfigurationList;
			buildConfigurations = (
				683AD5AD1C40EB6500656A52 /* Debug */,
				683AD5AE1C40EB6500656A52 /* Release */,
			);
			defaultConfigurationIsVisible = 0;
			defaultConfigurationName = Release;
		};
		683AD5AF1C40EB6500656A52 /* Build configuration list for PBXNativeTarget "ReturnKeyDemo" */ = {
			isa = XCConfigurationList;
			buildConfigurations = (
				683AD5B01C40EB6500656A52 /* Debug */,
				683AD5B11C40EB6500656A52 /* Release */,
			);
			defaultConfigurationIsVisible = 0;
		};
		683AD5B21C40EB6500656A52 /* Build configuration list for PBXNativeTarget "ReturnKeyDemoTests" */ = {
			isa = XCConfigurationList;
			buildConfigurations = (
				683AD5B31C40EB6500656A52 /* Debug */,
				683AD5B41C40EB6500656A52 /* Release */,
			);
			defaultConfigurationIsVisible = 0;
		};
/* End XCConfigurationList section */
	};
	rootObject = 683AD58A1C40EB6400656A52 /* Project object */;
}
